PODS:
  - CocoaLumberjack (3.8.1):
    - CocoaLumberjack/Core (= 3.8.1)
  - CocoaLumberjack/Core (3.8.1)
  - libextobjc/EXTScope (0.6):
    - libextobjc/RuntimeExtensions
  - libextobjc/RuntimeExtensions (0.6)

DEPENDENCIES:
  - CocoaLumberjack (~> 3.0)
  - libextobjc/EXTScope (~> 0.4)

SPEC REPOS:
  trunk:
    - CocoaLumberjack
    - libextobjc

SPEC CHECKSUMS:
  CocoaLumberjack: 5c7e64cdb877770859bddec4d3d5a0d7c9299df9
  libextobjc: aed8b7d2b07f511c1a7ecaacb33ea03e327c69b7

PODFILE CHECKSUM: 91eb27d46835cce1550902a0837032ffec0631d3

COCOAPODS: 1.12.1
